
Microsoft Visual Studio Solution File, Format Version 12.00
# Visual Studio Version 17
VisualStudioVersion = 17.6.33723.286
MinimumVisualStudioVersion = 10.0.40219.1
Project("{FAE04EC0-301F-11D3-BF4B-00C04F79EFBC}") = "MenuOperaciones", "MenuOperaciones\MenuOperaciones.csproj", "{84F7E179-D84C-4247-A826-C2AF272D9BBA}"
EndProject
Global
	GlobalSection(SolutionConfigurationPlatforms) = preSolution
		Debug|Any CPU = Debug|Any CPU
		Release|Any CPU = Release|Any CPU
	EndGlobalSection
	GlobalSection(ProjectConfigurationPlatforms) = postSolution
		{84F7E179-D84C-4247-A826-C2AF272D9BBA}.Debug|Any CPU.ActiveCfg = Debug|Any CPU
		{84F7E179-D84C-4247-A826-C2AF272D9BBA}.Debug|Any CPU.Build.0 = Debug|Any CPU
		{84F7E179-D84C-4247-A826-C2AF272D9BBA}.Release|Any CPU.ActiveCfg = Release|Any CPU
		{84F7E179-D84C-4247-A826-C2AF272D9BBA}.Release|Any CPU.Build.0 = Release|Any CPU
	EndGlobalSection
	GlobalSection(SolutionProperties) = preSolution
		HideSolutionNode = FALSE
	EndGlobalSection
	GlobalSection(ExtensibilityGlobals) = postSolution
		SolutionGuid = {0B7BDCC7-D6B9-416F-A457-81E6F6140D0B}
	EndGlobalSection
EndGlobal
